
Microsoft Visual Studio Solution File, Format Version 12.00
# Visual Studio Version 17
VisualStudioVersion = 17.1.32414.318
MinimumVisualStudioVersion = 10.0.40219.1
Project("{9A19103F-16F7-4668-BE54-9A1E7A4F7556}") = "GraphAZLib", "GraphAZLib\GraphAZLib.csproj", "{4E83D5FE-C19A-47D6-83D8-73DA300DA1C8}"
EndProject
Project("{9A19103F-16F7-4668-BE54-9A1E7A4F7556}") = "GraphAZConnector", "GraphAZConnector\GraphAZConnector.csproj", "{32EBEB07-2E0D-4282-9485-DAAB97D4E216}"
EndProject
Global
	GlobalSection(SolutionConfigurationPlatforms) = preSolution
		Debug|Any CPU = Debug|Any CPU
		Release|Any CPU = Release|Any CPU
	EndGlobalSection
	GlobalSection(ProjectConfigurationPlatforms) = postSolution
		{4E83D5FE-C19A-47D6-83D8-73DA300DA1C8}.Debug|Any CPU.ActiveCfg = Debug|Any CPU
		{4E83D5FE-C19A-47D6-83D8-73DA300DA1C8}.Debug|Any CPU.Build.0 = Debug|Any CPU
		{4E83D5FE-C19A-47D6-83D8-73DA300DA1C8}.Release|Any CPU.ActiveCfg = Release|Any CPU
		{4E83D5FE-C19A-47D6-83D8-73DA300DA1C8}.Release|Any CPU.Build.0 = Release|Any CPU
		{32EBEB07-2E0D-4282-9485-DAAB97D4E216}.Debug|Any CPU.ActiveCfg = Debug|Any CPU
		{32EBEB07-2E0D-4282-9485-DAAB97D4E216}.Debug|Any CPU.Build.0 = Debug|Any CPU
		{32EBEB07-2E0D-4282-9485-DAAB97D4E216}.Release|Any CPU.ActiveCfg = Release|Any CPU
		{32EBEB07-2E0D-4282-9485-DAAB97D4E216}.Release|Any CPU.Build.0 = Release|Any CPU
	EndGlobalSection
	GlobalSection(SolutionProperties) = preSolution
		HideSolutionNode = FALSE
	EndGlobalSection
	GlobalSection(ExtensibilityGlobals) = postSolution
		SolutionGuid = {C5216C31-281D-44C7-882B-6A659D1B6043}
	EndGlobalSection
EndGlobal
